
Microsoft Visual Studio Solution File, Format Version 12.00
# Visual Studio 15
VisualStudioVersion = 15.0.27428.2037
MinimumVisualStudioVersion = 10.0.40219.1
Project("{9A19103F-16F7-4668-BE54-9A1E7A4F7556}") = "codecoolkrakow", "codecoolkrakow\codecoolkrakow.csproj", "{79AE3EE9-0330-40BA-95F2-75EFA5823022}"
EndProject
Global
	GlobalSection(SolutionConfigurationPlatforms) = preSolution
		Debug|Any CPU = Debug|Any CPU
		Release|Any CPU = Release|Any CPU
	EndGlobalSection
	GlobalSection(ProjectConfigurationPlatforms) = postSolution
		{79AE3EE9-0330-40BA-95F2-75EFA5823022}.Debug|Any CPU.ActiveCfg = Debug|Any CPU
		{79AE3EE9-0330-40BA-95F2-75EFA5823022}.Debug|Any CPU.Build.0 = Debug|Any CPU
		{79AE3EE9-0330-40BA-95F2-75EFA5823022}.Release|Any CPU.ActiveCfg = Release|Any CPU
		{79AE3EE9-0330-40BA-95F2-75EFA5823022}.Release|Any CPU.Build.0 = Release|Any CPU
	EndGlobalSection
	GlobalSection(SolutionProperties) = preSolution
		HideSolutionNode = FALSE
	EndGlobalSection
	GlobalSection(ExtensibilityGlobals) = postSolution
		SolutionGuid = {D1F1234F-0921-4828-9048-40B2839D5531}
	EndGlobalSection
EndGlobal
